// !$*UTF8*$!
{
	archiveVersion = 1;
	classes = {
	};
	objectVersion = 56;
	objects = {

/* Begin PBXBuildFile section */
		02CC7B754D71303404B73178 /* WorkoutPlanDetailView.swift in Sources */ = {isa = PBXBuildFile; fileRef = 309D9F64D3B694A97D8E2E89 /* WorkoutPlanDetailView.swift */; };
		040DC338031806A78E91D0BB /* OBSegmentedControl.swift in Sources */ = {isa = PBXBuildFile; fileRef = ADDB56CE830A34AD2FEB3CFB /* OBSegmentedControl.swift */; };
		04559EDA4BDA76BD0041740D /* OBProgressViews.swift in Sources */ = {isa = PBXBuildFile; fileRef = 9F2BA8D66336B16DCA50AB99 /* OBProgressViews.swift */; };
		0B06A01130578BF0F829B2CE /* LoansView.swift in Sources */ = {isa = PBXBuildFile; fileRef = B2B3DCBC0753A6AA778F3430 /* LoansView.swift */; };
		1A5EB9A249E37637354FC39D /* AuthModels.swift in Sources */ = {isa = PBXBuildFile; fileRef = EF91EABBBFE8A0458AEFAF2E /* AuthModels.swift */; };
		279965E71652D46B0834FD11 /* Assets.xcassets in Resources */ = {isa = PBXBuildFile; fileRef = FB48381F179425405ECE9CAD /* Assets.xcassets */; };
		2ADD63528F803C7DB509CC4B /* RegisterView.swift in Sources */ = {isa = PBXBuildFile; fileRef = 7AA43EBE90B00914E0AD7B18 /* RegisterView.swift */; };
		2BE8ACAA3377C1B9F98EF04E /* OBCategoryPill.swift in Sources */ = {isa = PBXBuildFile; fileRef = 277EBF913017B8F2DA560DEF /* OBCategoryPill.swift */; };
		2BF79574C6178106E6C5B419 /* APIError.swift in Sources */ = {isa = PBXBuildFile; fileRef = F253AF3E665633AE144D2B96 /* APIError.swift */; };
		2FAB8F225259ED7CC83C8529 /* OubaitoriApp.swift in Sources */ = {isa = PBXBuildFile; fileRef = 460FC11596A68CF1A918F9D4 /* OubaitoriApp.swift */; };
		305C3088CCE929CA267B4593 /* HistoryView.swift in Sources */ = {isa = PBXBuildFile; fileRef = 7D4B3A9F03EF65EDEAEAF387 /* HistoryView.swift */; };
		32AFC9000C2BFE118A8FB667 /* TodoService.swift in Sources */ = {isa = PBXBuildFile; fileRef = 226526AC5ED99B83F21299E6 /* TodoService.swift */; };
		3875DD8D9787131BD682B5FF /* KeychainStore.swift in Sources */ = {isa = PBXBuildFile; fileRef = 54F30393C45245501A0AF0FE /* KeychainStore.swift */; };
		439C94CB0604068A157A5D0F /* AddTransactionSheet.swift in Sources */ = {isa = PBXBuildFile; fileRef = 12B0A9308CD09BCD24CC0466 /* AddTransactionSheet.swift */; };
		4D8B7644CCB47A82376F99BA /* TasksView.swift in Sources */ = {isa = PBXBuildFile; fileRef = 2D1EDB97F7B0C8270FCEACB4 /* TasksView.swift */; };
		4E192B57845AF8996D3DAB1D /* BudgetView.swift in Sources */ = {isa = PBXBuildFile; fileRef = 292BDFC647ED08561EA622E7 /* BudgetView.swift */; };
		503DB3809FB260D1D98751E9 /* TasksViewModel.swift in Sources */ = {isa = PBXBuildFile; fileRef = 6123AAF082221400E3FE0DC0 /* TasksViewModel.swift */; };
		50A982E6460A00D1C09079A2 /* MainTabView.swift in Sources */ = {isa = PBXBuildFile; fileRef = 9D61F9CFB1968781E59D9DF9 /* MainTabView.swift */; };
		547CA8827EF125B3F9434142 /* OBKanjiWatermark.swift in Sources */ = {isa = PBXBuildFile; fileRef = 17AE5D00F359516D23E9AB94 /* OBKanjiWatermark.swift */; };
		577F3103DA51E051B9DF243F /* NotificationSettingsView.swift in Sources */ = {isa = PBXBuildFile; fileRef = D5C6E2FC3D5EBE84625F828E /* NotificationSettingsView.swift */; };
		6063E8B5E1779E6318F9CCA5 /* MedicationsView.swift in Sources */ = {isa = PBXBuildFile; fileRef = 3EBB099AB2FEB079DABCD0C2 /* MedicationsView.swift */; };
		645B64EB23DA3340489B2135 /* RootView.swift in Sources */ = {isa = PBXBuildFile; fileRef = 5B6159F32D62FA0F187B46F7 /* RootView.swift */; };
		65F742BA55E0A58C17B9EA10 /* GoalsViewModel.swift in Sources */ = {isa = PBXBuildFile; fileRef = E054573B6751646B3BB3DB98 /* GoalsViewModel.swift */; };
		6AA81DC28B337C4444908E17 /* WorkoutModels.swift in Sources */ = {isa = PBXBuildFile; fileRef = DEB1BDF19048976C70B864D6 /* WorkoutModels.swift */; };
		7336E3EF0F457A6976CBAB9A /* PushDeepLinkRouter.swift in Sources */ = {isa = PBXBuildFile; fileRef = 8ABAE74CE9DF8FAFAA3BC19A /* PushDeepLinkRouter.swift */; };
		83C1AAFC090376A5FFB21DF4 /* TodoModels.swift in Sources */ = {isa = PBXBuildFile; fileRef = CD693667F4CF2C274351CC18 /* TodoModels.swift */; };
		845F69766BDDE5DFEF34185C /* DashboardView.swift in Sources */ = {isa = PBXBuildFile; fileRef = CFEF625443278635C88A1ED6 /* DashboardView.swift */; };
		8FBD142F78F8E5368EAFA192 /* GoalIcon.swift in Sources */ = {isa = PBXBuildFile; fileRef = 7047D2E7BABE3D8E916EE19C /* GoalIcon.swift */; };
		A0AEEE256B28604BD82DD897 /* AppDelegate.swift in Sources */ = {isa = PBXBuildFile; fileRef = ABA7C36661FF6EFF451E5E90 /* AppDelegate.swift */; };
		A12B41C6EBEB1D9381F055D9 /* OBToast.swift in Sources */ = {isa = PBXBuildFile; fileRef = 38995983BAF517BD2FD53B12 /* OBToast.swift */; };
		A284B9C72F2458458883266A /* GoalModels.swift in Sources */ = {isa = PBXBuildFile; fileRef = 3933FC54E49B56EABC6E9E16 /* GoalModels.swift */; };
		A6C17479C536ACAC8515D5DA /* GoalsView.swift in Sources */ = {isa = PBXBuildFile; fileRef = 6BB4BAEA5AF128EA739E1268 /* GoalsView.swift */; };
		B13F1781A266BD3722D23C9B /* MoreView.swift in Sources */ = {isa = PBXBuildFile; fileRef = 1BA8493E348B52920039F8C7 /* MoreView.swift */; };
		B683F3CE2562A8CE375FAB21 /* OBButton.swift in Sources */ = {isa = PBXBuildFile; fileRef = 211A1CDDF89D15F42F78FC08 /* OBButton.swift */; };
		B9B1F3217B77C24DF34F1A8B /* SettingsView.swift in Sources */ = {isa = PBXBuildFile; fileRef = A9B3EFFCC341DDE1E3A8CD77 /* SettingsView.swift */; };
		B9CC5AE30AB1BFBEE94882AC /* AppConfig.swift in Sources */ = {isa = PBXBuildFile; fileRef = E4F82EDB98C2935762248013 /* AppConfig.swift */; };
		BBA7984C8FBEDC9B4BD04FEC /* LoginView.swift in Sources */ = {isa = PBXBuildFile; fileRef = D54D047B6646665601D11FDA /* LoginView.swift */; };
		C38BB1512EDE6442E3BC439D /* OBScreenBackground.swift in Sources */ = {isa = PBXBuildFile; fileRef = A80639B4AC0CB13C13215484 /* OBScreenBackground.swift */; };
		C4F3DD5C061A877CB74E3E8F /* FinanceHubView.swift in Sources */ = {isa = PBXBuildFile; fileRef = 32B7DD755BF2B2F6A3AF857A /* FinanceHubView.swift */; };
		C6736780E10D1F109BF06D8A /* WorkoutsView.swift in Sources */ = {isa = PBXBuildFile; fileRef = 95916A26B061E35B62D1A28E /* WorkoutsView.swift */; };
		CA133A0AA3D2D0BE5240DF77 /* OBCard.swift in Sources */ = {isa = PBXBuildFile; fileRef = 71F5B9A455E2A28E788C2663 /* OBCard.swift */; };
		CD509EC6D481C768554F33A2 /* AuthRepository.swift in Sources */ = {isa = PBXBuildFile; fileRef = D0D8DB2D908ADAC7F08EAD77 /* AuthRepository.swift */; };
		D059475F200610137B165718 /* PushNotificationService.swift in Sources */ = {isa = PBXBuildFile; fileRef = 5178BEC2DD1B70BBAF5602D4 /* PushNotificationService.swift */; };
		DAA87080F87C98D413B9F649 /* DashboardViewModel.swift in Sources */ = {isa = PBXBuildFile; fileRef = 52ECA3A3B5D37F2DEA42D2B7 /* DashboardViewModel.swift */; };
		E5EF88325D9464B0CDAEC305 /* OBTabBarAppearance.swift in Sources */ = {isa = PBXBuildFile; fileRef = 30CF7BE143B6259CB01DF639 /* OBTabBarAppearance.swift */; };
		EB2B29B4E097FE3879D03494 /* APIClient.swift in Sources */ = {isa = PBXBuildFile; fileRef = 555CBA07B23FF0CA019EF8BA /* APIClient.swift */; };
		ED63D3A9A206E4D0C0B27690 /* OBTextField.swift in Sources */ = {isa = PBXBuildFile; fileRef = 127A9C6A2FF747FC45855224 /* OBTextField.swift */; };
		F690F52438A3DFDCB3C2C49F /* WelcomeView.swift in Sources */ = {isa = PBXBuildFile; fileRef = 84AC86E329EBF4B894A6A47E /* WelcomeView.swift */; };
		FA41FE6E8E3A47EFCF16420D /* DesignTokens.swift in Sources */ = {isa = PBXBuildFile; fileRef = 00B0A278CAE5AF0C0A3B8A74 /* DesignTokens.swift */; };
/* End PBXBuildFile section */

/* Begin PBXFileReference section */
		00B0A278CAE5AF0C0A3B8A74 /* DesignTokens.swift */ = {isa = PBXFileReference; lastKnownFileType = sourcecode.swift; path = DesignTokens.swift; sourceTree = "<group>"; };
		127A9C6A2FF747FC45855224 /* OBTextField.swift */ = {isa = PBXFileReference; lastKnownFileType = sourcecode.swift; path = OBTextField.swift; sourceTree = "<group>"; };
		12B0A9308CD09BCD24CC0466 /* AddTransactionSheet.swift */ = {isa = PBXFileReference; lastKnownFileType = sourcecode.swift; path = AddTransactionSheet.swift; sourceTree = "<group>"; };
		17AE5D00F359516D23E9AB94 /* OBKanjiWatermark.swift */ = {isa = PBXFileReference; lastKnownFileType = sourcecode.swift; path = OBKanjiWatermark.swift; sourceTree = "<group>"; };
		1BA8493E348B52920039F8C7 /* MoreView.swift */ = {isa = PBXFileReference; lastKnownFileType = sourcecode.swift; path = MoreView.swift; sourceTree = "<group>"; };
		211A1CDDF89D15F42F78FC08 /* OBButton.swift */ = {isa = PBXFileReference; lastKnownFileType = sourcecode.swift; path = OBButton.swift; sourceTree = "<group>"; };
		226526AC5ED99B83F21299E6 /* TodoService.swift */ = {isa = PBXFileReference; lastKnownFileType = sourcecode.swift; path = TodoService.swift; sourceTree = "<group>"; };
		277EBF913017B8F2DA560DEF /* OBCategoryPill.swift */ = {isa = PBXFileReference; lastKnownFileType = sourcecode.swift; path = OBCategoryPill.swift; sourceTree = "<group>"; };
		292BDFC647ED08561EA622E7 /* BudgetView.swift */ = {isa = PBXFileReference; lastKnownFileType = sourcecode.swift; path = BudgetView.swift; sourceTree = "<group>"; };
		2D1EDB97F7B0C8270FCEACB4 /* TasksView.swift */ = {isa = PBXFileReference; lastKnownFileType = sourcecode.swift; path = TasksView.swift; sourceTree = "<group>"; };
		309D9F64D3B694A97D8E2E89 /* WorkoutPlanDetailView.swift */ = {isa = PBXFileReference; lastKnownFileType = sourcecode.swift; path = WorkoutPlanDetailView.swift; sourceTree = "<group>"; };
		30CF7BE143B6259CB01DF639 /* OBTabBarAppearance.swift */ = {isa = PBXFileReference; lastKnownFileType = sourcecode.swift; path = OBTabBarAppearance.swift; sourceTree = "<group>"; };
		32B7DD755BF2B2F6A3AF857A /* FinanceHubView.swift */ = {isa = PBXFileReference; lastKnownFileType = sourcecode.swift; path = FinanceHubView.swift; sourceTree = "<group>"; };
		38995983BAF517BD2FD53B12 /* OBToast.swift */ = {isa = PBXFileReference; lastKnownFileType = sourcecode.swift; path = OBToast.swift; sourceTree = "<group>"; };
		3933FC54E49B56EABC6E9E16 /* GoalModels.swift */ = {isa = PBXFileReference; lastKnownFileType = sourcecode.swift; path = GoalModels.swift; sourceTree = "<group>"; };
		3EBB099AB2FEB079DABCD0C2 /* MedicationsView.swift */ = {isa = PBXFileReference; lastKnownFileType = sourcecode.swift; path = MedicationsView.swift; sourceTree = "<group>"; };
		443C98CFBB50FFCF12BB7774 /* Oubaitori.app */ = {isa = PBXFileReference; explicitFileType = wrapper.application; includeInIndex = 0; path = Oubaitori.app; sourceTree = BUILT_PRODUCTS_DIR; };
		460FC11596A68CF1A918F9D4 /* OubaitoriApp.swift */ = {isa = PBXFileReference; lastKnownFileType = sourcecode.swift; path = OubaitoriApp.swift; sourceTree = "<group>"; };
		5178BEC2DD1B70BBAF5602D4 /* PushNotificationService.swift */ = {isa = PBXFileReference; lastKnownFileType = sourcecode.swift; path = PushNotificationService.swift; sourceTree = "<group>"; };
		52ECA3A3B5D37F2DEA42D2B7 /* DashboardViewModel.swift */ = {isa = PBXFileReference; lastKnownFileType = sourcecode.swift; path = DashboardViewModel.swift; sourceTree = "<group>"; };
		54F30393C45245501A0AF0FE /* KeychainStore.swift */ = {isa = PBXFileReference; lastKnownFileType = sourcecode.swift; path = KeychainStore.swift; sourceTree = "<group>"; };
		555CBA07B23FF0CA019EF8BA /* APIClient.swift */ = {isa = PBXFileReference; lastKnownFileType = sourcecode.swift; path = APIClient.swift; sourceTree = "<group>"; };
		5B6159F32D62FA0F187B46F7 /* RootView.swift */ = {isa = PBXFileReference; lastKnownFileType = sourcecode.swift; path = RootView.swift; sourceTree = "<group>"; };
		6123AAF082221400E3FE0DC0 /* TasksViewModel.swift */ = {isa = PBXFileReference; lastKnownFileType = sourcecode.swift; path = TasksViewModel.swift; sourceTree = "<group>"; };
		6BB4BAEA5AF128EA739E1268 /* GoalsView.swift */ = {isa = PBXFileReference; lastKnownFileType = sourcecode.swift; path = GoalsView.swift; sourceTree = "<group>"; };
		7047D2E7BABE3D8E916EE19C /* GoalIcon.swift */ = {isa = PBXFileReference; lastKnownFileType = sourcecode.swift; path = GoalIcon.swift; sourceTree = "<group>"; };
		71F5B9A455E2A28E788C2663 /* OBCard.swift */ = {isa = PBXFileReference; lastKnownFileType = sourcecode.swift; path = OBCard.swift; sourceTree = "<group>"; };
		7AA43EBE90B00914E0AD7B18 /* RegisterView.swift */ = {isa = PBXFileReference; lastKnownFileType = sourcecode.swift; path = RegisterView.swift; sourceTree = "<group>"; };
		7D4B3A9F03EF65EDEAEAF387 /* HistoryView.swift */ = {isa = PBXFileReference; lastKnownFileType = sourcecode.swift; path = HistoryView.swift; sourceTree = "<group>"; };
		84AC86E329EBF4B894A6A47E /* WelcomeView.swift */ = {isa = PBXFileReference; lastKnownFileType = sourcecode.swift; path = WelcomeView.swift; sourceTree = "<group>"; };
		8ABAE74CE9DF8FAFAA3BC19A /* PushDeepLinkRouter.swift */ = {isa = PBXFileReference; lastKnownFileType = sourcecode.swift; path = PushDeepLinkRouter.swift; sourceTree = "<group>"; };
		95916A26B061E35B62D1A28E /* WorkoutsView.swift */ = {isa = PBXFileReference; lastKnownFileType = sourcecode.swift; path = WorkoutsView.swift; sourceTree = "<group>"; };
		9D61F9CFB1968781E59D9DF9 /* MainTabView.swift */ = {isa = PBXFileReference; lastKnownFileType = sourcecode.swift; path = MainTabView.swift; sourceTree = "<group>"; };
		9F2BA8D66336B16DCA50AB99 /* OBProgressViews.swift */ = {isa = PBXFileReference; lastKnownFileType = sourcecode.swift; path = OBProgressViews.swift; sourceTree = "<group>"; };
		A7B46D814BD87BBD692B3886 /* Info.plist */ = {isa = PBXFileReference; lastKnownFileType = text.plist.xml; path = Info.plist; sourceTree = "<group>"; };
		A80639B4AC0CB13C13215484 /* OBScreenBackground.swift */ = {isa = PBXFileReference; lastKnownFileType = sourcecode.swift; path = OBScreenBackground.swift; sourceTree = "<group>"; };
		A9B3EFFCC341DDE1E3A8CD77 /* SettingsView.swift */ = {isa = PBXFileReference; lastKnownFileType = sourcecode.swift; path = SettingsView.swift; sourceTree = "<group>"; };
		ABA7C36661FF6EFF451E5E90 /* AppDelegate.swift */ = {isa = PBXFileReference; lastKnownFileType = sourcecode.swift; path = AppDelegate.swift; sourceTree = "<group>"; };
		ADDB56CE830A34AD2FEB3CFB /* OBSegmentedControl.swift */ = {isa = PBXFileReference; lastKnownFileType = sourcecode.swift; path = OBSegmentedControl.swift; sourceTree = "<group>"; };
		B2B3DCBC0753A6AA778F3430 /* LoansView.swift */ = {isa = PBXFileReference; lastKnownFileType = sourcecode.swift; path = LoansView.swift; sourceTree = "<group>"; };
		CD693667F4CF2C274351CC18 /* TodoModels.swift */ = {isa = PBXFileReference; lastKnownFileType = sourcecode.swift; path = TodoModels.swift; sourceTree = "<group>"; };
		CFEF625443278635C88A1ED6 /* DashboardView.swift */ = {isa = PBXFileReference; lastKnownFileType = sourcecode.swift; path = DashboardView.swift; sourceTree = "<group>"; };
		D0D8DB2D908ADAC7F08EAD77 /* AuthRepository.swift */ = {isa = PBXFileReference; lastKnownFileType = sourcecode.swift; path = AuthRepository.swift; sourceTree = "<group>"; };
		D54D047B6646665601D11FDA /* LoginView.swift */ = {isa = PBXFileReference; lastKnownFileType = sourcecode.swift; path = LoginView.swift; sourceTree = "<group>"; };
		D5C6E2FC3D5EBE84625F828E /* NotificationSettingsView.swift */ = {isa = PBXFileReference; lastKnownFileType = sourcecode.swift; path = NotificationSettingsView.swift; sourceTree = "<group>"; };
		DEB1BDF19048976C70B864D6 /* WorkoutModels.swift */ = {isa = PBXFileReference; lastKnownFileType = sourcecode.swift; path = WorkoutModels.swift; sourceTree = "<group>"; };
		E054573B6751646B3BB3DB98 /* GoalsViewModel.swift */ = {isa = PBXFileReference; lastKnownFileType = sourcecode.swift; path = GoalsViewModel.swift; sourceTree = "<group>"; };
		E4F82EDB98C2935762248013 /* AppConfig.swift */ = {isa = PBXFileReference; lastKnownFileType = sourcecode.swift; path = AppConfig.swift; sourceTree = "<group>"; };
		EF91EABBBFE8A0458AEFAF2E /* AuthModels.swift */ = {isa = PBXFileReference; lastKnownFileType = sourcecode.swift; path = AuthModels.swift; sourceTree = "<group>"; };
		F253AF3E665633AE144D2B96 /* APIError.swift */ = {isa = PBXFileReference; lastKnownFileType = sourcecode.swift; path = APIError.swift; sourceTree = "<group>"; };
		FB48381F179425405ECE9CAD /* Assets.xcassets */ = {isa = PBXFileReference; lastKnownFileType = folder.assetcatalog; path = Assets.xcassets; sourceTree = "<group>"; };
/* End PBXFileReference section */

/* Begin PBXFrameworksBuildPhase section */
		2F083FAC3A61E05F8ED2F22C /* Frameworks */ = {
			isa = PBXFrameworksBuildPhase;
			buildActionMask = 2147483647;
			files = (
			);
			runOnlyForDeploymentPostprocessing = 0;
		};
/* End PBXFrameworksBuildPhase section */

/* Begin PBXGroup section */
		002728DB843E6687DE90E706 /* Services */ = {
			isa = PBXGroup;
			children = (
				226526AC5ED99B83F21299E6 /* TodoService.swift */,
			);
			path = Services;
			sourceTree = "<group>";
		};
		1811BA8EBF4BE04EE2DFD594 /* Config */ = {
			isa = PBXGroup;
			children = (
				E4F82EDB98C2935762248013 /* AppConfig.swift */,
			);
			path = Config;
			sourceTree = "<group>";
		};
		1C053B4E8AC8D67D470094E8 /* Features */ = {
			isa = PBXGroup;
			children = (
				BE318610A63F6EA928510353 /* Auth */,
				63BB378880E4848A3A44093B /* Budget */,
				9BDE54AB0C6F586A1DF946BC /* Dashboard */,
				7C79C8D96BD523DFE4247055 /* Finance */,
				C73D62BE235DABCB12182A83 /* Goals */,
				24CDF7C7C1A6882D00E039B0 /* History */,
				F84283DFF271D9AF849931DC /* Loans */,
				9A8CC61E84DC0BED5BB011D7 /* Medications */,
				3DC8965B3F1A10E713E6840E /* More */,
				A3775AC1636EF5A06C3E54BC /* Settings */,
				F878B6A43A1B85E7B0CD100A /* Tasks */,
				B2741B462C34DC1518782AD6 /* Workouts */,
			);
			path = Features;
			sourceTree = "<group>";
		};
		24CDF7C7C1A6882D00E039B0 /* History */ = {
			isa = PBXGroup;
			children = (
				7D4B3A9F03EF65EDEAEAF387 /* HistoryView.swift */,
			);
			path = History;
			sourceTree = "<group>";
		};
		3DC8965B3F1A10E713E6840E /* More */ = {
			isa = PBXGroup;
			children = (
				1BA8493E348B52920039F8C7 /* MoreView.swift */,
			);
			path = More;
			sourceTree = "<group>";
		};
		48148BBD60E2FBE4BFE221A8 /* DesignSystem */ = {
			isa = PBXGroup;
			children = (
				00B0A278CAE5AF0C0A3B8A74 /* DesignTokens.swift */,
				211A1CDDF89D15F42F78FC08 /* OBButton.swift */,
				71F5B9A455E2A28E788C2663 /* OBCard.swift */,
				277EBF913017B8F2DA560DEF /* OBCategoryPill.swift */,
				17AE5D00F359516D23E9AB94 /* OBKanjiWatermark.swift */,
				9F2BA8D66336B16DCA50AB99 /* OBProgressViews.swift */,
				A80639B4AC0CB13C13215484 /* OBScreenBackground.swift */,
				ADDB56CE830A34AD2FEB3CFB /* OBSegmentedControl.swift */,
				30CF7BE143B6259CB01DF639 /* OBTabBarAppearance.swift */,
				127A9C6A2FF747FC45855224 /* OBTextField.swift */,
				38995983BAF517BD2FD53B12 /* OBToast.swift */,
			);
			path = DesignSystem;
			sourceTree = "<group>";
		};
		63BB378880E4848A3A44093B /* Budget */ = {
			isa = PBXGroup;
			children = (
				292BDFC647ED08561EA622E7 /* BudgetView.swift */,
			);
			path = Budget;
			sourceTree = "<group>";
		};
		7C79C8D96BD523DFE4247055 /* Finance */ = {
			isa = PBXGroup;
			children = (
				12B0A9308CD09BCD24CC0466 /* AddTransactionSheet.swift */,
				32B7DD755BF2B2F6A3AF857A /* FinanceHubView.swift */,
			);
			path = Finance;
			sourceTree = "<group>";
		};
		7CC03E962EFAAB8816C58662 = {
			isa = PBXGroup;
			children = (
				E9ADA6B68C7A7D0EAF47FC5F /* Oubaitori */,
				EF37189FB898198903370C3A /* Products */,
			);
			sourceTree = "<group>";
		};
		8BE1EAF173525C607B66E134 /* Security */ = {
			isa = PBXGroup;
			children = (
				54F30393C45245501A0AF0FE /* KeychainStore.swift */,
			);
			path = Security;
			sourceTree = "<group>";
		};
		9A8CC61E84DC0BED5BB011D7 /* Medications */ = {
			isa = PBXGroup;
			children = (
				3EBB099AB2FEB079DABCD0C2 /* MedicationsView.swift */,
			);
			path = Medications;
			sourceTree = "<group>";
		};
		9BDE54AB0C6F586A1DF946BC /* Dashboard */ = {
			isa = PBXGroup;
			children = (
				CFEF625443278635C88A1ED6 /* DashboardView.swift */,
				52ECA3A3B5D37F2DEA42D2B7 /* DashboardViewModel.swift */,
			);
			path = Dashboard;
			sourceTree = "<group>";
		};
		9EC60EBA789A77195ACCA24B /* App */ = {
			isa = PBXGroup;
			children = (
				ABA7C36661FF6EFF451E5E90 /* AppDelegate.swift */,
				9D61F9CFB1968781E59D9DF9 /* MainTabView.swift */,
				460FC11596A68CF1A918F9D4 /* OubaitoriApp.swift */,
				5B6159F32D62FA0F187B46F7 /* RootView.swift */,
			);
			path = App;
			sourceTree = "<group>";
		};
		A3775AC1636EF5A06C3E54BC /* Settings */ = {
			isa = PBXGroup;
			children = (
				D5C6E2FC3D5EBE84625F828E /* NotificationSettingsView.swift */,
				A9B3EFFCC341DDE1E3A8CD77 /* SettingsView.swift */,
			);
			path = Settings;
			sourceTree = "<group>";
		};
		AA61A60438F50CBC71545825 /* Network */ = {
			isa = PBXGroup;
			children = (
				555CBA07B23FF0CA019EF8BA /* APIClient.swift */,
				F253AF3E665633AE144D2B96 /* APIError.swift */,
			);
			path = Network;
			sourceTree = "<group>";
		};
		B2741B462C34DC1518782AD6 /* Workouts */ = {
			isa = PBXGroup;
			children = (
				DEB1BDF19048976C70B864D6 /* WorkoutModels.swift */,
				309D9F64D3B694A97D8E2E89 /* WorkoutPlanDetailView.swift */,
				95916A26B061E35B62D1A28E /* WorkoutsView.swift */,
			);
			path = Workouts;
			sourceTree = "<group>";
		};
		B8C0B2F5E8FF21DC47A09A74 /* Models */ = {
			isa = PBXGroup;
			children = (
				EF91EABBBFE8A0458AEFAF2E /* AuthModels.swift */,
				7047D2E7BABE3D8E916EE19C /* GoalIcon.swift */,
				3933FC54E49B56EABC6E9E16 /* GoalModels.swift */,
				CD693667F4CF2C274351CC18 /* TodoModels.swift */,
			);
			path = Models;
			sourceTree = "<group>";
		};
		BE318610A63F6EA928510353 /* Auth */ = {
			isa = PBXGroup;
			children = (
				D0D8DB2D908ADAC7F08EAD77 /* AuthRepository.swift */,
				D54D047B6646665601D11FDA /* LoginView.swift */,
				7AA43EBE90B00914E0AD7B18 /* RegisterView.swift */,
				84AC86E329EBF4B894A6A47E /* WelcomeView.swift */,
			);
			path = Auth;
			sourceTree = "<group>";
		};
		C73D62BE235DABCB12182A83 /* Goals */ = {
			isa = PBXGroup;
			children = (
				6BB4BAEA5AF128EA739E1268 /* GoalsView.swift */,
				E054573B6751646B3BB3DB98 /* GoalsViewModel.swift */,
			);
			path = Goals;
			sourceTree = "<group>";
		};
		CF12E4A43B2530E3F183695F /* Push */ = {
			isa = PBXGroup;
			children = (
				8ABAE74CE9DF8FAFAA3BC19A /* PushDeepLinkRouter.swift */,
				5178BEC2DD1B70BBAF5602D4 /* PushNotificationService.swift */,
			);
			path = Push;
			sourceTree = "<group>";
		};
		D780C6F2F3D13FDB13F726A0 /* Core */ = {
			isa = PBXGroup;
			children = (
				48148BBD60E2FBE4BFE221A8 /* DesignSystem */,
				B8C0B2F5E8FF21DC47A09A74 /* Models */,
				AA61A60438F50CBC71545825 /* Network */,
				CF12E4A43B2530E3F183695F /* Push */,
				8BE1EAF173525C607B66E134 /* Security */,
				002728DB843E6687DE90E706 /* Services */,
			);
			path = Core;
			sourceTree = "<group>";
		};
		E9ADA6B68C7A7D0EAF47FC5F /* Oubaitori */ = {
			isa = PBXGroup;
			children = (
				9EC60EBA789A77195ACCA24B /* App */,
				1811BA8EBF4BE04EE2DFD594 /* Config */,
				D780C6F2F3D13FDB13F726A0 /* Core */,
				1C053B4E8AC8D67D470094E8 /* Features */,
				A7B46D814BD87BBD692B3886 /* Info.plist */,
				FB48381F179425405ECE9CAD /* Assets.xcassets */,
			);
			path = Oubaitori;
			sourceTree = "<group>";
		};
		EF37189FB898198903370C3A /* Products */ = {
			isa = PBXGroup;
			children = (
				443C98CFBB50FFCF12BB7774 /* Oubaitori.app */,
			);
			name = Products;
			sourceTree = "<group>";
		};
		F84283DFF271D9AF849931DC /* Loans */ = {
			isa = PBXGroup;
			children = (
				B2B3DCBC0753A6AA778F3430 /* LoansView.swift */,
			);
			path = Loans;
			sourceTree = "<group>";
		};
		F878B6A43A1B85E7B0CD100A /* Tasks */ = {
			isa = PBXGroup;
			children = (
				2D1EDB97F7B0C8270FCEACB4 /* TasksView.swift */,
				6123AAF082221400E3FE0DC0 /* TasksViewModel.swift */,
			);
			path = Tasks;
			sourceTree = "<group>";
		};
/* End PBXGroup section */

/* Begin PBXNativeTarget section */
		C8AE51EFA787DA8AF1918C7D /* Oubaitori */ = {
			isa = PBXNativeTarget;
			buildConfigurationList = 778BA20AEF20BA1EA049605B /* Build configuration list for PBXNativeTarget "Oubaitori" */;
			buildPhases = (
				E02774E0F841F64A11C1D876 /* Sources */,
				2F083FAC3A61E05F8ED2F22C /* Frameworks */,
				78B81409767815C3F98204A2 /* Resources */,
			);
			buildRules = (
			);
			dependencies = (
			);
			name = Oubaitori;
			productName = Oubaitori;
			productReference = 443C98CFBB50FFCF12BB7774 /* Oubaitori.app */;
			productType = "com.apple.product-type.application";
		};
/* End PBXNativeTarget section */

/* Begin PBXProject section */
		0D697B45CE795FBC63A33820 /* Project object */ = {
			isa = PBXProject;
			attributes = {
				BuildIndependentTargetsInParallel = 1;
				LastSwiftUpdateCheck = 1500;
				LastUpgradeCheck = 1500;
				TargetAttributes = {
					C8AE51EFA787DA8AF1918C7D = {
						CreatedOnToolsVersion = 15.0;
					};
				};
			};
			buildConfigurationList = B6EB590F418CB6BAFE97FB27 /* Build configuration list for PBXProject "Oubaitori" */;
			compatibilityVersion = "Xcode 14.0";
			developmentRegion = ru;
			hasScannedForEncodings = 0;
			knownRegions = (
				en,
				Base,
				ru,
			);
			mainGroup = 7CC03E962EFAAB8816C58662;
			productRefGroup = EF37189FB898198903370C3A /* Products */;
			projectDirPath = "";
			projectRoot = "";
			targets = (
				C8AE51EFA787DA8AF1918C7D /* Oubaitori */,
			);
		};
/* End PBXProject section */

/* Begin PBXResourcesBuildPhase section */
		78B81409767815C3F98204A2 /* Resources */ = {
			isa = PBXResourcesBuildPhase;
			buildActionMask = 2147483647;
			files = (
				279965E71652D46B0834FD11 /* Assets.xcassets in Resources */,
			);
			runOnlyForDeploymentPostprocessing = 0;
		};
/* End PBXResourcesBuildPhase section */

/* Begin PBXSourcesBuildPhase section */
		E02774E0F841F64A11C1D876 /* Sources */ = {
			isa = PBXSourcesBuildPhase;
			buildActionMask = 2147483647;
			files = (
				A0AEEE256B28604BD82DD897 /* AppDelegate.swift in Sources */,
				50A982E6460A00D1C09079A2 /* MainTabView.swift in Sources */,
				2FAB8F225259ED7CC83C8529 /* OubaitoriApp.swift in Sources */,
				645B64EB23DA3340489B2135 /* RootView.swift in Sources */,
				B9CC5AE30AB1BFBEE94882AC /* AppConfig.swift in Sources */,
				FA41FE6E8E3A47EFCF16420D /* DesignTokens.swift in Sources */,
				B683F3CE2562A8CE375FAB21 /* OBButton.swift in Sources */,
				CA133A0AA3D2D0BE5240DF77 /* OBCard.swift in Sources */,
				2BE8ACAA3377C1B9F98EF04E /* OBCategoryPill.swift in Sources */,
				547CA8827EF125B3F9434142 /* OBKanjiWatermark.swift in Sources */,
				04559EDA4BDA76BD0041740D /* OBProgressViews.swift in Sources */,
				C38BB1512EDE6442E3BC439D /* OBScreenBackground.swift in Sources */,
				040DC338031806A78E91D0BB /* OBSegmentedControl.swift in Sources */,
				E5EF88325D9464B0CDAEC305 /* OBTabBarAppearance.swift in Sources */,
				ED63D3A9A206E4D0C0B27690 /* OBTextField.swift in Sources */,
				A12B41C6EBEB1D9381F055D9 /* OBToast.swift in Sources */,
				1A5EB9A249E37637354FC39D /* AuthModels.swift in Sources */,
				8FBD142F78F8E5368EAFA192 /* GoalIcon.swift in Sources */,
				A284B9C72F2458458883266A /* GoalModels.swift in Sources */,
				83C1AAFC090376A5FFB21DF4 /* TodoModels.swift in Sources */,
				EB2B29B4E097FE3879D03494 /* APIClient.swift in Sources */,
				2BF79574C6178106E6C5B419 /* APIError.swift in Sources */,
				7336E3EF0F457A6976CBAB9A /* PushDeepLinkRouter.swift in Sources */,
				D059475F200610137B165718 /* PushNotificationService.swift in Sources */,
				3875DD8D9787131BD682B5FF /* KeychainStore.swift in Sources */,
				32AFC9000C2BFE118A8FB667 /* TodoService.swift in Sources */,
				CD509EC6D481C768554F33A2 /* AuthRepository.swift in Sources */,
				BBA7984C8FBEDC9B4BD04FEC /* LoginView.swift in Sources */,
				2ADD63528F803C7DB509CC4B /* RegisterView.swift in Sources */,
				F690F52438A3DFDCB3C2C49F /* WelcomeView.swift in Sources */,
				4E192B57845AF8996D3DAB1D /* BudgetView.swift in Sources */,
				845F69766BDDE5DFEF34185C /* DashboardView.swift in Sources */,
				DAA87080F87C98D413B9F649 /* DashboardViewModel.swift in Sources */,
				439C94CB0604068A157A5D0F /* AddTransactionSheet.swift in Sources */,
				C4F3DD5C061A877CB74E3E8F /* FinanceHubView.swift in Sources */,
				A6C17479C536ACAC8515D5DA /* GoalsView.swift in Sources */,
				65F742BA55E0A58C17B9EA10 /* GoalsViewModel.swift in Sources */,
				305C3088CCE929CA267B4593 /* HistoryView.swift in Sources */,
				0B06A01130578BF0F829B2CE /* LoansView.swift in Sources */,
				6063E8B5E1779E6318F9CCA5 /* MedicationsView.swift in Sources */,
				B13F1781A266BD3722D23C9B /* MoreView.swift in Sources */,
				577F3103DA51E051B9DF243F /* NotificationSettingsView.swift in Sources */,
				B9B1F3217B77C24DF34F1A8B /* SettingsView.swift in Sources */,
				4D8B7644CCB47A82376F99BA /* TasksView.swift in Sources */,
				503DB3809FB260D1D98751E9 /* TasksViewModel.swift in Sources */,
				6AA81DC28B337C4444908E17 /* WorkoutModels.swift in Sources */,
				02CC7B754D71303404B73178 /* WorkoutPlanDetailView.swift in Sources */,
				C6736780E10D1F109BF06D8A /* WorkoutsView.swift in Sources */,
			);
			runOnlyForDeploymentPostprocessing = 0;
		};
/* End PBXSourcesBuildPhase section */

/* Begin XCBuildConfiguration section */
		229A9C8A7435C5056F3FBCA8 /* Release */ = {
			isa = XCBuildConfiguration;
			buildSettings = {
				ALWAYS_SEARCH_USER_PATHS = NO;
				CLANG_ENABLE_MODULES = YES;
				COPY_PHASE_STRIP = NO;
				DEBUG_INFORMATION_FORMAT = "dwarf-with-dsym";
				ENABLE_TESTABILITY = NO;
				GCC_OPTIMIZATION_LEVEL = s;
				IPHONEOS_DEPLOYMENT_TARGET = 17.0;
				MTL_ENABLE_DEBUG_INFO = NO;
				ONLY_ACTIVE_ARCH = NO;
				SDKROOT = iphoneos;
				SWIFT_OPTIMIZATION_LEVEL = "-O";
			};
			name = Release;
		};
		536D5232742060C33AC77D63 /* Debug */ = {
			isa = XCBuildConfiguration;
			buildSettings = {
				ALWAYS_SEARCH_USER_PATHS = NO;
				CLANG_ENABLE_MODULES = YES;
				COPY_PHASE_STRIP = NO;
				DEBUG_INFORMATION_FORMAT = dwarf;
				ENABLE_TESTABILITY = YES;
				GCC_OPTIMIZATION_LEVEL = 0;
				IPHONEOS_DEPLOYMENT_TARGET = 17.0;
				MTL_ENABLE_DEBUG_INFO = INCLUDE_SOURCE;
				ONLY_ACTIVE_ARCH = YES;
				SDKROOT = iphoneos;
				SWIFT_ACTIVE_COMPILATION_CONDITIONS = "DEBUG $(inherited)";
				SWIFT_OPTIMIZATION_LEVEL = "-Onone";
			};
			name = Debug;
		};
		8A66406BE62045C07F396FCD /* Debug */ = {
			isa = XCBuildConfiguration;
			buildSettings = {
				ASSETCATALOG_COMPILER_APPICON_NAME = AppIcon;
				CODE_SIGN_STYLE = Automatic;
				CURRENT_PROJECT_VERSION = 1;
				DEVELOPMENT_TEAM = 2U3QZ2Y534;
				ENABLE_PREVIEWS = YES;
				GENERATE_INFOPLIST_FILE = YES;
				INFOPLIST_FILE = Oubaitori/Info.plist;
				INFOPLIST_KEY_CFBundleDisplayName = Oubaitori;
				INFOPLIST_KEY_UIApplicationSceneManifest_Generation = YES;
				INFOPLIST_KEY_UILaunchScreen_Generation = YES;
				IPHONEOS_DEPLOYMENT_TARGET = 17.0;
				LD_RUNPATH_SEARCH_PATHS = (
					"$(inherited)",
					"@executable_path/Frameworks",
				);
				MARKETING_VERSION = 0.1.0;
				PRODUCT_BUNDLE_IDENTIFIER = ru.oubaitori.app;
				PRODUCT_NAME = "$(TARGET_NAME)";
				SWIFT_EMIT_LOC_STRINGS = YES;
				SWIFT_VERSION = 5.9;
				TARGETED_DEVICE_FAMILY = 1;
			};
			name = Debug;
		};
		C46BE5C68EA8C6CEA99CFCAC /* Release */ = {
			isa = XCBuildConfiguration;
			buildSettings = {
				ASSETCATALOG_COMPILER_APPICON_NAME = AppIcon;
				CODE_SIGN_STYLE = Automatic;
				CURRENT_PROJECT_VERSION = 1;
				DEVELOPMENT_TEAM = 2U3QZ2Y534;
				ENABLE_PREVIEWS = YES;
				GENERATE_INFOPLIST_FILE = YES;
				INFOPLIST_FILE = Oubaitori/Info.plist;
				INFOPLIST_KEY_CFBundleDisplayName = Oubaitori;
				INFOPLIST_KEY_UIApplicationSceneManifest_Generation = YES;
				INFOPLIST_KEY_UILaunchScreen_Generation = YES;
				IPHONEOS_DEPLOYMENT_TARGET = 17.0;
				LD_RUNPATH_SEARCH_PATHS = (
					"$(inherited)",
					"@executable_path/Frameworks",
				);
				MARKETING_VERSION = 0.1.0;
				PRODUCT_BUNDLE_IDENTIFIER = ru.oubaitori.app;
				PRODUCT_NAME = "$(TARGET_NAME)";
				SWIFT_EMIT_LOC_STRINGS = YES;
				SWIFT_VERSION = 5.9;
				TARGETED_DEVICE_FAMILY = 1;
			};
			name = Release;
		};
/* End XCBuildConfiguration section */

/* Begin XCConfigurationList section */
		778BA20AEF20BA1EA049605B /* Build configuration list for PBXNativeTarget "Oubaitori" */ = {
			isa = XCConfigurationList;
			buildConfigurations = (
				8A66406BE62045C07F396FCD /* Debug */,
				C46BE5C68EA8C6CEA99CFCAC /* Release */,
			);
			defaultConfigurationIsVisible = 0;
			defaultConfigurationName = Release;
		};
		B6EB590F418CB6BAFE97FB27 /* Build configuration list for PBXProject "Oubaitori" */ = {
			isa = XCConfigurationList;
			buildConfigurations = (
				536D5232742060C33AC77D63 /* Debug */,
				229A9C8A7435C5056F3FBCA8 /* Release */,
			);
			defaultConfigurationIsVisible = 0;
			defaultConfigurationName = Release;
		};
/* End XCConfigurationList section */
	};
	rootObject = 0D697B45CE795FBC63A33820 /* Project object */;
}
